
Microsoft Visual Studio Solution File, Format Version 12.00
# Visual Studio 14
VisualStudioVersion = 14.0.25420.1
MinimumVisualStudioVersion = 10.0.40219.1
Project("{FAE04EC0-301F-11D3-BF4B-00C04F79EFBC}") = "SampleStore", "SampleStore\SampleStore.csproj", "{4A7234A9-94FB-469C-9057-95A6517FA849}"
EndProject
Project("{FAE04EC0-301F-11D3-BF4B-00C04F79EFBC}") = "Sample-WebJob", "Sample-WebJob\Sample-WebJob.csproj", "{272E8B87-5A42-4162-9415-3E6628573635}"
EndProject
Global
	GlobalSection(SolutionConfigurationPlatforms) = preSolution
		Debug|Any CPU = Debug|Any CPU
		Release|Any CPU = Release|Any CPU
	EndGlobalSection
	GlobalSection(ProjectConfigurationPlatforms) = postSolution
		{4A7234A9-94FB-469C-9057-95A6517FA849}.Debug|Any CPU.ActiveCfg = Debug|Any CPU
		{4A7234A9-94FB-469C-9057-95A6517FA849}.Debug|Any CPU.Build.0 = Debug|Any CPU
		{4A7234A9-94FB-469C-9057-95A6517FA849}.Release|Any CPU.ActiveCfg = Release|Any CPU
		{4A7234A9-94FB-469C-9057-95A6517FA849}.Release|Any CPU.Build.0 = Release|Any CPU
		{272E8B87-5A42-4162-9415-3E6628573635}.Debug|Any CPU.ActiveCfg = Debug|Any CPU
		{272E8B87-5A42-4162-9415-3E6628573635}.Debug|Any CPU.Build.0 = Debug|Any CPU
		{272E8B87-5A42-4162-9415-3E6628573635}.Release|Any CPU.ActiveCfg = Release|Any CPU
		{272E8B87-5A42-4162-9415-3E6628573635}.Release|Any CPU.Build.0 = Release|Any CPU
	EndGlobalSection
	GlobalSection(SolutionProperties) = preSolution
		HideSolutionNode = FALSE
	EndGlobalSection
EndGlobal
